
Microsoft Visual Studio Solution File, Format Version 12.00
# Visual Studio Version 16
VisualStudioVersion = 16.0.28917.182
MinimumVisualStudioVersion = 10.0.40219.1
Project("{9A19103F-16F7-4668-BE54-9A1E7A4F7556}") = "CqSheep.RazorSample.Components", "CqSheep.RazorSample.Components\CqSheep.RazorSample.Components.csproj", "{A585F024-E2C1-4935-89DB-E1BE7C4784F6}"
EndProject
Project("{9A19103F-16F7-4668-BE54-9A1E7A4F7556}") = "CqSheep.RazorSample.Host", "CqSheep.RazorSample.Host\CqSheep.RazorSample.Host.csproj", "{EB05EC1F-F7EE-4E26-8B51-FD38F759B7EB}"
EndProject
Project("{9A19103F-16F7-4668-BE54-9A1E7A4F7556}") = "CqSheep.Utils.Repository", "..\..\CqSheep.Utils\CqSheep.Utils.Repository\CqSheep.Utils.Repository.csproj", "{9EE0346C-8F70-4744-92A0-A543DBCFF8D5}"
EndProject
Project("{FAE04EC0-301F-11D3-BF4B-00C04F79EFBC}") = "CqSheep.RazorSample.Repositories", "CqSheep.RazorSample.Repositories\CqSheep.RazorSample.Repositories.csproj", "{8A0C1545-4257-4F5D-B23D-A94D16AE0A5A}"
EndProject
Project("{FAE04EC0-301F-11D3-BF4B-00C04F79EFBC}") = "CqSheep.RazorSample.Services", "CqSheep.RazorSample.Services\CqSheep.RazorSample.Services.csproj", "{C2F6D29B-605D-4839-BEE5-A9D9B16CAE8B}"
EndProject
Project("{FAE04EC0-301F-11D3-BF4B-00C04F79EFBC}") = "CqSheep.RazorSample.Contact", "CqSheep.RazorSample.Contact\CqSheep.RazorSample.Contact.csproj", "{78B92BE8-8575-4DBD-8809-AC4E658DADF4}"
EndProject
Global
	GlobalSection(SolutionConfigurationPlatforms) = preSolution
		Debug|Any CPU = Debug|Any CPU
		Release|Any CPU = Release|Any CPU
	EndGlobalSection
	GlobalSection(ProjectConfigurationPlatforms) = postSolution
		{A585F024-E2C1-4935-89DB-E1BE7C4784F6}.Debug|Any CPU.ActiveCfg = Debug|Any CPU
		{A585F024-E2C1-4935-89DB-E1BE7C4784F6}.Debug|Any CPU.Build.0 = Debug|Any CPU
		{A585F024-E2C1-4935-89DB-E1BE7C4784F6}.Release|Any CPU.ActiveCfg = Release|Any CPU
		{A585F024-E2C1-4935-89DB-E1BE7C4784F6}.Release|Any CPU.Build.0 = Release|Any CPU
		{EB05EC1F-F7EE-4E26-8B51-FD38F759B7EB}.Debug|Any CPU.ActiveCfg = Debug|Any CPU
		{EB05EC1F-F7EE-4E26-8B51-FD38F759B7EB}.Debug|Any CPU.Build.0 = Debug|Any CPU
		{EB05EC1F-F7EE-4E26-8B51-FD38F759B7EB}.Release|Any CPU.ActiveCfg = Release|Any CPU
		{EB05EC1F-F7EE-4E26-8B51-FD38F759B7EB}.Release|Any CPU.Build.0 = Release|Any CPU
		{9EE0346C-8F70-4744-92A0-A543DBCFF8D5}.Debug|Any CPU.ActiveCfg = Debug|Any CPU
		{9EE0346C-8F70-4744-92A0-A543DBCFF8D5}.Debug|Any CPU.Build.0 = Debug|Any CPU
		{9EE0346C-8F70-4744-92A0-A543DBCFF8D5}.Release|Any CPU.ActiveCfg = Release|Any CPU
		{9EE0346C-8F70-4744-92A0-A543DBCFF8D5}.Release|Any CPU.Build.0 = Release|Any CPU
		{8A0C1545-4257-4F5D-B23D-A94D16AE0A5A}.Debug|Any CPU.ActiveCfg = Debug|Any CPU
		{8A0C1545-4257-4F5D-B23D-A94D16AE0A5A}.Debug|Any CPU.Build.0 = Debug|Any CPU
		{8A0C1545-4257-4F5D-B23D-A94D16AE0A5A}.Release|Any CPU.ActiveCfg = Release|Any CPU
		{8A0C1545-4257-4F5D-B23D-A94D16AE0A5A}.Release|Any CPU.Build.0 = Release|Any CPU
		{C2F6D29B-605D-4839-BEE5-A9D9B16CAE8B}.Debug|Any CPU.ActiveCfg = Debug|Any CPU
		{C2F6D29B-605D-4839-BEE5-A9D9B16CAE8B}.Debug|Any CPU.Build.0 = Debug|Any CPU
		{C2F6D29B-605D-4839-BEE5-A9D9B16CAE8B}.Release|Any CPU.ActiveCfg = Release|Any CPU
		{C2F6D29B-605D-4839-BEE5-A9D9B16CAE8B}.Release|Any CPU.Build.0 = Release|Any CPU
		{78B92BE8-8575-4DBD-8809-AC4E658DADF4}.Debug|Any CPU.ActiveCfg = Debug|Any CPU
		{78B92BE8-8575-4DBD-8809-AC4E658DADF4}.Debug|Any CPU.Build.0 = Debug|Any CPU
		{78B92BE8-8575-4DBD-8809-AC4E658DADF4}.Release|Any CPU.ActiveCfg = Release|Any CPU
		{78B92BE8-8575-4DBD-8809-AC4E658DADF4}.Release|Any CPU.Build.0 = Release|Any CPU
	EndGlobalSection
	GlobalSection(SolutionProperties) = preSolution
		HideSolutionNode = FALSE
	EndGlobalSection
	GlobalSection(ExtensibilityGlobals) = postSolution
		SolutionGuid = {E70F2B4B-4719-4301-9A83-D3A35C61F7FA}
	EndGlobalSection
EndGlobal
